
Microsoft Visual Studio Solution File, Format Version 12.00
# Visual Studio 15
VisualStudioVersion = 15.0.28307.572
MinimumVisualStudioVersion = 10.0.40219.1
Project("{FAE04EC0-301F-11D3-BF4B-00C04F79EFBC}") = "Generics.ServiceLayer", "Generics.ServiceLayer\Generics.ServiceLayer.csproj", "{F2E40482-069E-489C-B90F-CF1E922F6F33}"
EndProject
Project("{FAE04EC0-301F-11D3-BF4B-00C04F79EFBC}") = "Generics.Model", "Generics.Model\Generics.Model.csproj", "{4AE062BE-B9E7-4B21-A11D-92C36FA73663}"
EndProject
Project("{FAE04EC0-301F-11D3-BF4B-00C04F79EFBC}") = "Generics.WebApi", "Generics.WebApi\Generics.WebApi.csproj", "{5F67EDF9-D196-41C2-8549-CC77B6E3BE2F}"
EndProject
Project("{FAE04EC0-301F-11D3-BF4B-00C04F79EFBC}") = "Generics.Repository", "Generics.Repository\Generics.Repository.csproj", "{4D22578E-9C09-47C6-B22E-758C1B076F83}"
EndProject
Project("{FAE04EC0-301F-11D3-BF4B-00C04F79EFBC}") = "ConsoleApp1", "ConsoleApp1\ConsoleApp1.csproj", "{7A075320-C187-4C3C-A69C-977984C1222C}"
EndProject
Global
	GlobalSection(SolutionConfigurationPlatforms) = preSolution
		Debug|Any CPU = Debug|Any CPU
		Release|Any CPU = Release|Any CPU
	EndGlobalSection
	GlobalSection(ProjectConfigurationPlatforms) = postSolution
		{F2E40482-069E-489C-B90F-CF1E922F6F33}.Debug|Any CPU.ActiveCfg = Debug|Any CPU
		{F2E40482-069E-489C-B90F-CF1E922F6F33}.Debug|Any CPU.Build.0 = Debug|Any CPU
		{F2E40482-069E-489C-B90F-CF1E922F6F33}.Release|Any CPU.ActiveCfg = Release|Any CPU
		{F2E40482-069E-489C-B90F-CF1E922F6F33}.Release|Any CPU.Build.0 = Release|Any CPU
		{4AE062BE-B9E7-4B21-A11D-92C36FA73663}.Debug|Any CPU.ActiveCfg = Debug|Any CPU
		{4AE062BE-B9E7-4B21-A11D-92C36FA73663}.Debug|Any CPU.Build.0 = Debug|Any CPU
		{4AE062BE-B9E7-4B21-A11D-92C36FA73663}.Release|Any CPU.ActiveCfg = Release|Any CPU
		{4AE062BE-B9E7-4B21-A11D-92C36FA73663}.Release|Any CPU.Build.0 = Release|Any CPU
		{5F67EDF9-D196-41C2-8549-CC77B6E3BE2F}.Debug|Any CPU.ActiveCfg = Debug|Any CPU
		{5F67EDF9-D196-41C2-8549-CC77B6E3BE2F}.Debug|Any CPU.Build.0 = Debug|Any CPU
		{5F67EDF9-D196-41C2-8549-CC77B6E3BE2F}.Release|Any CPU.ActiveCfg = Release|Any CPU
		{5F67EDF9-D196-41C2-8549-CC77B6E3BE2F}.Release|Any CPU.Build.0 = Release|Any CPU
		{4D22578E-9C09-47C6-B22E-758C1B076F83}.Debug|Any CPU.ActiveCfg = Debug|Any CPU
		{4D22578E-9C09-47C6-B22E-758C1B076F83}.Debug|Any CPU.Build.0 = Debug|Any CPU
		{4D22578E-9C09-47C6-B22E-758C1B076F83}.Release|Any CPU.ActiveCfg = Release|Any CPU
		{4D22578E-9C09-47C6-B22E-758C1B076F83}.Release|Any CPU.Build.0 = Release|Any CPU
		{7A075320-C187-4C3C-A69C-977984C1222C}.Debug|Any CPU.ActiveCfg = Debug|Any CPU
		{7A075320-C187-4C3C-A69C-977984C1222C}.Debug|Any CPU.Build.0 = Debug|Any CPU
		{7A075320-C187-4C3C-A69C-977984C1222C}.Release|Any CPU.ActiveCfg = Release|Any CPU
		{7A075320-C187-4C3C-A69C-977984C1222C}.Release|Any CPU.Build.0 = Release|Any CPU
	EndGlobalSection
	GlobalSection(SolutionProperties) = preSolution
		HideSolutionNode = FALSE
	EndGlobalSection
	GlobalSection(ExtensibilityGlobals) = postSolution
		SolutionGuid = {90C65557-228A-45BB-B322-8E27E3E1106C}
	EndGlobalSection
EndGlobal
